// !$*UTF8*$!
{
	archiveVersion = 1;
	classes = {
	};
	objectVersion = 60;
	objects = {

/* Begin PBXBuildFile section */
		040F698C10B68302AF02A561 /* App.swift in Sources */ = {isa = PBXBuildFile; fileRef = 4422B2B55FDE245C5DC2DB7A /* App.swift */; };
		1B8C5E9791786BE1DBF7AB7F /* RootView.swift in Sources */ = {isa = PBXBuildFile; fileRef = D43A8BBB968E3C1A4376B208 /* RootView.swift */; };
		41B9F9B4D0E24E3896EBFBD3 /* Breakthrough.swift in Sources */ = {isa = PBXBuildFile; fileRef = 2897261C460C46F0B4D882A6 /* Breakthrough.swift */; };
		4A0DDE8909A4464FA91E534A /* Insight.swift in Sources */ = {isa = PBXBuildFile; fileRef = D40009123D4441348E23EF8E /* Insight.swift */; };
		4A399BFA92B54FD7A56AB30A /* Goal.swift in Sources */ = {isa = PBXBuildFile; fileRef = FF3DED158A90443B8134DBE0 /* Goal.swift */; };
		AFC9AFA12932A45876E96B2B /* Assets.xcassets in Resources */ = {isa = PBXBuildFile; fileRef = D3F80565C6CAA07479111232 /* Assets.xcassets */; };
		DCC2525CF9D08F00256ABE13 /* Preview Assets.xcassets in Resources */ = {isa = PBXBuildFile; fileRef = A20BE7D8F5C95B15A7E9177D /* Preview Assets.xcassets */; };
		E40C65AEE5994D46A0ED5589 /* APIClient.swift in Sources */ = {isa = PBXBuildFile; fileRef = 9A1034DBC24D4EB6BF46900A /* APIClient.swift */; };
		E4163A831D81412EB0B561B4 /* OnboardingCoordinator.swift in Sources */ = {isa = PBXBuildFile; fileRef = A1DD3538FD3644CBA3AC3B58 /* OnboardingCoordinator.swift */; };
		F0279779BBF775E46EDBF6A4 /* SessionStore.swift in Sources */ = {isa = PBXBuildFile; fileRef = 8A92E6703590122B4FA95551 /* SessionStore.swift */; };
		EECB6C67CFB512E9E3E19339 /* DS.swift in Sources */ = {isa = PBXBuildFile; fileRef = 6C9BEC574EAB13C26531BD21 /* DesignSystem/DS.swift */; };
		91DB58A704E9CBD0E67F8096 /* DSTypography.swift in Sources */ = {isa = PBXBuildFile; fileRef = 532F4A72C4BC8D7F0D7E81B1 /* DesignSystem/DSTypography.swift */; };
		D398FEA2BC4596A0C204CBE6 /* DSSpacing.swift in Sources */ = {isa = PBXBuildFile; fileRef = 8E0BF4F9959EB47FFD91C2C8 /* DesignSystem/DSSpacing.swift */; };
		2BC36D417B361AF091B5BB67 /* DSCard.swift in Sources */ = {isa = PBXBuildFile; fileRef = 3E8B34879D0C3F84C7A3BC92 /* DesignSystem/DSComponents/DSCard.swift */; };
		BC07FE4B3FD446371A5F5646 /* DSButton.swift in Sources */ = {isa = PBXBuildFile; fileRef = B7A723C7AF2E43B478D697C6 /* DesignSystem/DSComponents/DSButton.swift */; };
		B1B7435EC05E816C0726BDC7 /* DSChip.swift in Sources */ = {isa = PBXBuildFile; fileRef = 44065A536B58104118294532 /* DesignSystem/DSComponents/DSChip.swift */; };
		AEE191D95103776930EFDE83 /* DSSectionHeader.swift in Sources */ = {isa = PBXBuildFile; fileRef = 6C0C33A63C097F9784384198 /* DesignSystem/DSComponents/DSSectionHeader.swift */; };
		2D9CA254E8DFBBCA9FBB4BB5 /* DSEmptyState.swift in Sources */ = {isa = PBXBuildFile; fileRef = D0D02E566300287DD19DC2A0 /* DesignSystem/DSComponents/DSEmptyState.swift */; };
		F7074F797C2DF1EACC4C3B54 /* DSRow.swift in Sources */ = {isa = PBXBuildFile; fileRef = E146C6482957BC6E87BF2E06 /* DesignSystem/DSComponents/DSRow.swift */; };
		D27CE449E3FE50F01A2A2FEB /* DSProgressDots.swift in Sources */ = {isa = PBXBuildFile; fileRef = D64D66157B3900DD3520B843 /* DesignSystem/DSComponents/DSProgressDots.swift */; };
		7ADF2FA33FC5D5C5DCDB83E8 /* DSCalendarWeeks.swift in Sources */ = {isa = PBXBuildFile; fileRef = 97FB69807C0AACADBCB34B04 /* DesignSystem/DSComponents/DSCalendarWeeks.swift */; };
		2E234D1393F25AA3A2AE7602 /* DSSkeleton.swift in Sources */ = {isa = PBXBuildFile; fileRef = AC954D45AFB56CE80776A278 /* DesignSystem/DSComponents/DSSkeleton.swift */; };
		C00E437D810A32A9EF865259 /* DSShadow.swift in Sources */ = {isa = PBXBuildFile; fileRef = 05FFD9D00EB5BA9B7E4BB774 /* DesignSystem/DSStyles/DSShadow.swift */; };
		82134979F20173A2ABD9FD3B /* DSSeparator.swift in Sources */ = {isa = PBXBuildFile; fileRef = CDC790302D9B0F55DAFF21CA /* DesignSystem/DSStyles/DSSeparator.swift */; };
		09E8C92C05015896F4150488 /* SignInView.swift in Sources */ = {isa = PBXBuildFile; fileRef = CE94511ECCF855508FDA9F47 /* Screens/Auth/SignInView.swift */; };
		72F2BEE9FEFC2C88D0E0FEB6 /* OnboardingShell.swift in Sources */ = {isa = PBXBuildFile; fileRef = CB375CB59D5A24F9CBCC063F /* Screens/Onboarding/OnboardingShell.swift */; };
		2E40DF18A4A7725863E50700 /* WelcomeView.swift in Sources */ = {isa = PBXBuildFile; fileRef = AD1D6E8B9BBC526BB20EA031 /* Screens/Onboarding/WelcomeView.swift */; };
		79D85A52B8350DF4519B45B7 /* ConnectMonzoView.swift in Sources */ = {isa = PBXBuildFile; fileRef = 1FD9F70DFA1D1A61641DFC37 /* Screens/Onboarding/ConnectMonzoView.swift */; };
		574FE9750FE60F0854458EEE /* GoalSelectionView.swift in Sources */ = {isa = PBXBuildFile; fileRef = 060CFE3CD9FD913F891DE667 /* Screens/Onboarding/GoalSelectionView.swift */; };
		3B90742BC9B6282F8BE812F7 /* MainTabView.swift in Sources */ = {isa = PBXBuildFile; fileRef = BDD7267051D7B497AF3CF2C8 /* Screens/Main/MainTabView.swift */; };
		0586495811561F9BBEF91DE2 /* HomeView.swift in Sources */ = {isa = PBXBuildFile; fileRef = 4A19F0E72D1D4EC3E993528A /* Screens/Main/HomeView.swift */; };
		FD3F8AF4D9AF4FE2D6D44119 /* InsightsListView.swift in Sources */ = {isa = PBXBuildFile; fileRef = 156397B65429B0FEA0963635 /* Screens/Insights/InsightsListView.swift */; };
		928911E1035354538F9B90BD /* InsightDetailView.swift in Sources */ = {isa = PBXBuildFile; fileRef = 81BD4A83C934140B50DADECD /* Screens/Insights/InsightDetailView.swift */; };
		A148731D2999EAC1DF90E89E /* GoalsListView.swift in Sources */ = {isa = PBXBuildFile; fileRef = 17474F562A2532D19F95213E /* Screens/Goals/GoalsListView.swift */; };
		B2BED30400F7E4396829A727 /* GoalDetailView.swift in Sources */ = {isa = PBXBuildFile; fileRef = DD7FCF6A85231E4008A3CD2E /* Screens/Goals/GoalDetailView.swift */; };
		A3C0CB43B438FF74D0ACE3BB /* BreakthroughsListView.swift in Sources */ = {isa = PBXBuildFile; fileRef = 6714C12DB75CADD4FA6C7CDF /* Screens/Breakthroughs/BreakthroughsListView.swift */; };
		AA02A05A0E78E0FC13BCAF26 /* SettingsView.swift in Sources */ = {isa = PBXBuildFile; fileRef = 20F91A6C9FE6178C37239283 /* Screens/Settings/SettingsView.swift */; };
		8455933ECD8184F5A4880991 /* Tokens.swift in Sources */ = {isa = PBXBuildFile; fileRef = 8364C7505070312ED4B30591 /* DesignSystem/Tokens.swift */; };
		F8DDF4E6C8183327D91676BA /* Surface.swift in Sources */ = {isa = PBXBuildFile; fileRef = 38E6F713A1D2169779F09C7C /* DesignSystem/Surface.swift */; };
		BFA456E943CBADA6FC235AC3 /* RailScreen.swift in Sources */ = {isa = PBXBuildFile; fileRef = 742C958A4E8D8CF1C8CBD064 /* DesignSystem/RailScreen.swift */; };
		10F32913BE2C7321D8A37AE9 /* Motion.swift in Sources */ = {isa = PBXBuildFile; fileRef = 6D98037E2190A8CE1D0B30DF /* DesignSystem/Motion.swift */; };
		9A2249A5A2877A1470AE2AA1 /* Typography.swift in Sources */ = {isa = PBXBuildFile; fileRef = 9BC72B0C4036E684FBA9BA18 /* DesignSystem/Typography.swift */; };
		64D72F30AB0184D7858C239A /* TimelineView.swift in Sources */ = {isa = PBXBuildFile; fileRef = 6413126D6EC36712BBD40822 /* Timeline/TimelineView.swift */; };
		E5A7AC9D7F1F2C4F4400E4CD /* TimelineEvent.swift in Sources */ = {isa = PBXBuildFile; fileRef = 3D22AF70961C309F275F65C5 /* Timeline/TimelineEvent.swift */; };
		7B6F2C9B4D3A4A9E9D7C2B11 /* TimelineAPIModels.swift in Sources */ = {isa = PBXBuildFile; fileRef = 9E4B3A8F2C1D4B7E8A3C9F21 /* Timeline/TimelineAPIModels.swift */; };
		550331D3AD007377A1D9EA51 /* TimelineStore.swift in Sources */ = {isa = PBXBuildFile; fileRef = FF0837098FA086EC52F84A27 /* Timeline/TimelineStore.swift */; };
		CBEDE95AA64B8DF486981187 /* TimelineCardFactory.swift in Sources */ = {isa = PBXBuildFile; fileRef = B4D2420F78B2251830A09745 /* Timeline/TimelineCardFactory.swift */; };
		75CD7E127774A7AE2757ECCA /* StatusCard.swift in Sources */ = {isa = PBXBuildFile; fileRef = 718203D267B22ECCF6E1D5E8 /* Timeline/Cards/StatusCard.swift */; };
		E4E2A92F0E865108E08B2A65 /* WeeklyProgressCard.swift in Sources */ = {isa = PBXBuildFile; fileRef = 26560E19864022C2385FF175 /* Timeline/Cards/WeeklyProgressCard.swift */; };
		E23BF735517F681E0FE6FE5A /* InsightCard.swift in Sources */ = {isa = PBXBuildFile; fileRef = C9D6EC96375798E0EE2004E3 /* Timeline/Cards/InsightCard.swift */; };
		58BBC36F57ED35F1B4C64870 /* GoalCard.swift in Sources */ = {isa = PBXBuildFile; fileRef = 9390E07AB6E659CCC6C48633 /* Timeline/Cards/GoalCard.swift */; };
		B74EC8A4ADA20FCB92839CF8 /* BreakthroughCard.swift in Sources */ = {isa = PBXBuildFile; fileRef = CFDEB695A0701EB72D2EAF23 /* Timeline/Cards/BreakthroughCard.swift */; };
		A02951B4F5E2AB8D9556D00C /* EmptyStateCard.swift in Sources */ = {isa = PBXBuildFile; fileRef = 61D71C58DCF4B5CF60EFBBCD /* Timeline/Cards/EmptyStateCard.swift */; };
		3CD63481E6EFB27E4F33DC05 /* FireworksOverlay.swift in Sources */ = {isa = PBXBuildFile; fileRef = 5E4C9C604E36169286B81B89 /* Celebration/FireworksOverlay.swift */; };
		134BDD07CE41D2250B1002D7 /* Haptics.swift in Sources */ = {isa = PBXBuildFile; fileRef = FB04C013465493F507AC50EF /* Celebration/Haptics.swift */; };
		8E651558597ABD35F23B0221 /* GoalRealignSheet.swift in Sources */ = {isa = PBXBuildFile; fileRef = 921037F51DAD0E57FFF10D2B /* Goals/GoalRealignSheet.swift */; };
		9ECC42BEADD4F0E8F3CC0ADA /* GoalPicker.swift in Sources */ = {isa = PBXBuildFile; fileRef = B0FA139EEEDC503E8C1A7447 /* Goals/GoalPicker.swift */; };
		F20FEE4F663F4730B2AB689E /* TokenStore.swift in Sources */ = {isa = PBXBuildFile; fileRef = DE5318C4397F43F0B0E6190E /* TokenStore.swift */; };
		F4F703E26BDB4BD390110DD7 /* MonzoStatus.swift in Sources */ = {isa = PBXBuildFile; fileRef = CB2C0A3F761A4998AC6A715D /* MonzoStatus.swift */; };
		F6BFD5B7B59C4A1C8771BBD4 /* User.swift in Sources */ = {isa = PBXBuildFile; fileRef = 78C9E253CDF9491882853D75 /* User.swift */; };
/* End PBXBuildFile section */

/* Begin PBXFileReference section */
		04CA97ABD0DF0C7637613F1C /* mentos.app */ = {isa = PBXFileReference; explicitFileType = wrapper.application; path = mentos.app; sourceTree = BUILT_PRODUCTS_DIR; };
		15B47642447F4BCAA46045FF /* ConnectMonzoView.swift */ = {isa = PBXFileReference; lastKnownFileType = sourcecode.swift; path = ConnectMonzoView.swift; sourceTree = "<group>"; };
		22CEAC4E2F3932180089A871 /* mentos.entitlements */ = {isa = PBXFileReference; lastKnownFileType = text.plist.entitlements; path = mentos.entitlements; sourceTree = "<group>"; };
		2897261C460C46F0B4D882A6 /* Breakthrough.swift */ = {isa = PBXFileReference; lastKnownFileType = sourcecode.swift; path = Breakthrough.swift; sourceTree = "<group>"; };
		3184A720F2C545EB9C2E3A4E /* SignInView.swift */ = {isa = PBXFileReference; lastKnownFileType = sourcecode.swift; path = SignInView.swift; sourceTree = "<group>"; };
		39B660BE4C8B4D9184640CB7 /* MainTabView.swift */ = {isa = PBXFileReference; lastKnownFileType = sourcecode.swift; path = MainTabView.swift; sourceTree = "<group>"; };
		4422B2B55FDE245C5DC2DB7A /* App.swift */ = {isa = PBXFileReference; lastKnownFileType = sourcecode.swift; path = App.swift; sourceTree = "<group>"; };
		4962839057D055453C727185 /* Info.plist */ = {isa = PBXFileReference; lastKnownFileType = text.plist.xml; path = Info.plist; sourceTree = "<group>"; };
		5C7C21E325BB4B4293A17B0A /* SettingsView.swift */ = {isa = PBXFileReference; lastKnownFileType = sourcecode.swift; path = SettingsView.swift; sourceTree = "<group>"; };
		78C9E253CDF9491882853D75 /* User.swift */ = {isa = PBXFileReference; lastKnownFileType = sourcecode.swift; path = User.swift; sourceTree = "<group>"; };
		88F0F1FCF9D1442DA0EED44B /* GoalsListView.swift */ = {isa = PBXFileReference; lastKnownFileType = sourcecode.swift; path = GoalsListView.swift; sourceTree = "<group>"; };
		8A92E6703590122B4FA95551 /* SessionStore.swift */ = {isa = PBXFileReference; lastKnownFileType = sourcecode.swift; path = SessionStore.swift; sourceTree = "<group>"; };
		8D8C565ACB42459C9F5373F4 /* GoalSelectionView.swift */ = {isa = PBXFileReference; lastKnownFileType = sourcecode.swift; path = GoalSelectionView.swift; sourceTree = "<group>"; };
		96EBACD76E0A421C971C3C66 /* InsightsListView.swift */ = {isa = PBXFileReference; lastKnownFileType = sourcecode.swift; path = InsightsListView.swift; sourceTree = "<group>"; };
		9A1034DBC24D4EB6BF46900A /* APIClient.swift */ = {isa = PBXFileReference; lastKnownFileType = sourcecode.swift; path = APIClient.swift; sourceTree = "<group>"; };
		A08675F724E4475E81B0DB08 /* WelcomeView.swift */ = {isa = PBXFileReference; lastKnownFileType = sourcecode.swift; path = WelcomeView.swift; sourceTree = "<group>"; };
		A1DD3538FD3644CBA3AC3B58 /* OnboardingCoordinator.swift */ = {isa = PBXFileReference; lastKnownFileType = sourcecode.swift; path = OnboardingCoordinator.swift; sourceTree = "<group>"; };
		A20BE7D8F5C95B15A7E9177D /* Preview Assets.xcassets */ = {isa = PBXFileReference; lastKnownFileType = folder.assetcatalog; path = "Preview Assets.xcassets"; sourceTree = "<group>"; };
		C8054B7DF0094A92A02191A6 /* HomeView.swift */ = {isa = PBXFileReference; lastKnownFileType = sourcecode.swift; path = HomeView.swift; sourceTree = "<group>"; };
		CB2C0A3F761A4998AC6A715D /* MonzoStatus.swift */ = {isa = PBXFileReference; lastKnownFileType = sourcecode.swift; path = MonzoStatus.swift; sourceTree = "<group>"; };
		D3F80565C6CAA07479111232 /* Assets.xcassets */ = {isa = PBXFileReference; lastKnownFileType = folder.assetcatalog; path = Assets.xcassets; sourceTree = "<group>"; };
		D40009123D4441348E23EF8E /* Insight.swift */ = {isa = PBXFileReference; lastKnownFileType = sourcecode.swift; path = Insight.swift; sourceTree = "<group>"; };
		D43A8BBB968E3C1A4376B208 /* RootView.swift */ = {isa = PBXFileReference; lastKnownFileType = sourcecode.swift; path = RootView.swift; sourceTree = "<group>"; };
		6C9BEC574EAB13C26531BD21 /* DesignSystem/DS.swift */ = {isa = PBXFileReference; lastKnownFileType = sourcecode.swift; path = DesignSystem/DS.swift; sourceTree = "<group>"; };
		532F4A72C4BC8D7F0D7E81B1 /* DesignSystem/DSTypography.swift */ = {isa = PBXFileReference; lastKnownFileType = sourcecode.swift; path = DesignSystem/DSTypography.swift; sourceTree = "<group>"; };
		8E0BF4F9959EB47FFD91C2C8 /* DesignSystem/DSSpacing.swift */ = {isa = PBXFileReference; lastKnownFileType = sourcecode.swift; path = DesignSystem/DSSpacing.swift; sourceTree = "<group>"; };
		3E8B34879D0C3F84C7A3BC92 /* DesignSystem/DSComponents/DSCard.swift */ = {isa = PBXFileReference; lastKnownFileType = sourcecode.swift; path = DesignSystem/DSComponents/DSCard.swift; sourceTree = "<group>"; };
		B7A723C7AF2E43B478D697C6 /* DesignSystem/DSComponents/DSButton.swift */ = {isa = PBXFileReference; lastKnownFileType = sourcecode.swift; path = DesignSystem/DSComponents/DSButton.swift; sourceTree = "<group>"; };
		44065A536B58104118294532 /* DesignSystem/DSComponents/DSChip.swift */ = {isa = PBXFileReference; lastKnownFileType = sourcecode.swift; path = DesignSystem/DSComponents/DSChip.swift; sourceTree = "<group>"; };
		6C0C33A63C097F9784384198 /* DesignSystem/DSComponents/DSSectionHeader.swift */ = {isa = PBXFileReference; lastKnownFileType = sourcecode.swift; path = DesignSystem/DSComponents/DSSectionHeader.swift; sourceTree = "<group>"; };
		D0D02E566300287DD19DC2A0 /* DesignSystem/DSComponents/DSEmptyState.swift */ = {isa = PBXFileReference; lastKnownFileType = sourcecode.swift; path = DesignSystem/DSComponents/DSEmptyState.swift; sourceTree = "<group>"; };
		E146C6482957BC6E87BF2E06 /* DesignSystem/DSComponents/DSRow.swift */ = {isa = PBXFileReference; lastKnownFileType = sourcecode.swift; path = DesignSystem/DSComponents/DSRow.swift; sourceTree = "<group>"; };
		D64D66157B3900DD3520B843 /* DesignSystem/DSComponents/DSProgressDots.swift */ = {isa = PBXFileReference; lastKnownFileType = sourcecode.swift; path = DesignSystem/DSComponents/DSProgressDots.swift; sourceTree = "<group>"; };
		97FB69807C0AACADBCB34B04 /* DesignSystem/DSComponents/DSCalendarWeeks.swift */ = {isa = PBXFileReference; lastKnownFileType = sourcecode.swift; path = DesignSystem/DSComponents/DSCalendarWeeks.swift; sourceTree = "<group>"; };
		AC954D45AFB56CE80776A278 /* DesignSystem/DSComponents/DSSkeleton.swift */ = {isa = PBXFileReference; lastKnownFileType = sourcecode.swift; path = DesignSystem/DSComponents/DSSkeleton.swift; sourceTree = "<group>"; };
		05FFD9D00EB5BA9B7E4BB774 /* DesignSystem/DSStyles/DSShadow.swift */ = {isa = PBXFileReference; lastKnownFileType = sourcecode.swift; path = DesignSystem/DSStyles/DSShadow.swift; sourceTree = "<group>"; };
		CDC790302D9B0F55DAFF21CA /* DesignSystem/DSStyles/DSSeparator.swift */ = {isa = PBXFileReference; lastKnownFileType = sourcecode.swift; path = DesignSystem/DSStyles/DSSeparator.swift; sourceTree = "<group>"; };
		CE94511ECCF855508FDA9F47 /* Screens/Auth/SignInView.swift */ = {isa = PBXFileReference; lastKnownFileType = sourcecode.swift; path = Screens/Auth/SignInView.swift; sourceTree = "<group>"; };
		CB375CB59D5A24F9CBCC063F /* Screens/Onboarding/OnboardingShell.swift */ = {isa = PBXFileReference; lastKnownFileType = sourcecode.swift; path = Screens/Onboarding/OnboardingShell.swift; sourceTree = "<group>"; };
		AD1D6E8B9BBC526BB20EA031 /* Screens/Onboarding/WelcomeView.swift */ = {isa = PBXFileReference; lastKnownFileType = sourcecode.swift; path = Screens/Onboarding/WelcomeView.swift; sourceTree = "<group>"; };
		1FD9F70DFA1D1A61641DFC37 /* Screens/Onboarding/ConnectMonzoView.swift */ = {isa = PBXFileReference; lastKnownFileType = sourcecode.swift; path = Screens/Onboarding/ConnectMonzoView.swift; sourceTree = "<group>"; };
		060CFE3CD9FD913F891DE667 /* Screens/Onboarding/GoalSelectionView.swift */ = {isa = PBXFileReference; lastKnownFileType = sourcecode.swift; path = Screens/Onboarding/GoalSelectionView.swift; sourceTree = "<group>"; };
		BDD7267051D7B497AF3CF2C8 /* Screens/Main/MainTabView.swift */ = {isa = PBXFileReference; lastKnownFileType = sourcecode.swift; path = Screens/Main/MainTabView.swift; sourceTree = "<group>"; };
		4A19F0E72D1D4EC3E993528A /* Screens/Main/HomeView.swift */ = {isa = PBXFileReference; lastKnownFileType = sourcecode.swift; path = Screens/Main/HomeView.swift; sourceTree = "<group>"; };
		156397B65429B0FEA0963635 /* Screens/Insights/InsightsListView.swift */ = {isa = PBXFileReference; lastKnownFileType = sourcecode.swift; path = Screens/Insights/InsightsListView.swift; sourceTree = "<group>"; };
		81BD4A83C934140B50DADECD /* Screens/Insights/InsightDetailView.swift */ = {isa = PBXFileReference; lastKnownFileType = sourcecode.swift; path = Screens/Insights/InsightDetailView.swift; sourceTree = "<group>"; };
		17474F562A2532D19F95213E /* Screens/Goals/GoalsListView.swift */ = {isa = PBXFileReference; lastKnownFileType = sourcecode.swift; path = Screens/Goals/GoalsListView.swift; sourceTree = "<group>"; };
		DD7FCF6A85231E4008A3CD2E /* Screens/Goals/GoalDetailView.swift */ = {isa = PBXFileReference; lastKnownFileType = sourcecode.swift; path = Screens/Goals/GoalDetailView.swift; sourceTree = "<group>"; };
		6714C12DB75CADD4FA6C7CDF /* Screens/Breakthroughs/BreakthroughsListView.swift */ = {isa = PBXFileReference; lastKnownFileType = sourcecode.swift; path = Screens/Breakthroughs/BreakthroughsListView.swift; sourceTree = "<group>"; };
		20F91A6C9FE6178C37239283 /* Screens/Settings/SettingsView.swift */ = {isa = PBXFileReference; lastKnownFileType = sourcecode.swift; path = Screens/Settings/SettingsView.swift; sourceTree = "<group>"; };
		8364C7505070312ED4B30591 /* DesignSystem/Tokens.swift */ = {isa = PBXFileReference; lastKnownFileType = sourcecode.swift; path = DesignSystem/Tokens.swift; sourceTree = "<group>"; };
		38E6F713A1D2169779F09C7C /* DesignSystem/Surface.swift */ = {isa = PBXFileReference; lastKnownFileType = sourcecode.swift; path = DesignSystem/Surface.swift; sourceTree = "<group>"; };
		742C958A4E8D8CF1C8CBD064 /* DesignSystem/RailScreen.swift */ = {isa = PBXFileReference; lastKnownFileType = sourcecode.swift; path = DesignSystem/RailScreen.swift; sourceTree = "<group>"; };
		6D98037E2190A8CE1D0B30DF /* DesignSystem/Motion.swift */ = {isa = PBXFileReference; lastKnownFileType = sourcecode.swift; path = DesignSystem/Motion.swift; sourceTree = "<group>"; };
		9BC72B0C4036E684FBA9BA18 /* DesignSystem/Typography.swift */ = {isa = PBXFileReference; lastKnownFileType = sourcecode.swift; path = DesignSystem/Typography.swift; sourceTree = "<group>"; };
		6413126D6EC36712BBD40822 /* Timeline/TimelineView.swift */ = {isa = PBXFileReference; lastKnownFileType = sourcecode.swift; path = Timeline/TimelineView.swift; sourceTree = "<group>"; };
		3D22AF70961C309F275F65C5 /* Timeline/TimelineEvent.swift */ = {isa = PBXFileReference; lastKnownFileType = sourcecode.swift; path = Timeline/TimelineEvent.swift; sourceTree = "<group>"; };
		9E4B3A8F2C1D4B7E8A3C9F21 /* Timeline/TimelineAPIModels.swift */ = {isa = PBXFileReference; lastKnownFileType = sourcecode.swift; path = Timeline/TimelineAPIModels.swift; sourceTree = "<group>"; };
		FF0837098FA086EC52F84A27 /* Timeline/TimelineStore.swift */ = {isa = PBXFileReference; lastKnownFileType = sourcecode.swift; path = Timeline/TimelineStore.swift; sourceTree = "<group>"; };
		B4D2420F78B2251830A09745 /* Timeline/TimelineCardFactory.swift */ = {isa = PBXFileReference; lastKnownFileType = sourcecode.swift; path = Timeline/TimelineCardFactory.swift; sourceTree = "<group>"; };
		718203D267B22ECCF6E1D5E8 /* Timeline/Cards/StatusCard.swift */ = {isa = PBXFileReference; lastKnownFileType = sourcecode.swift; path = Timeline/Cards/StatusCard.swift; sourceTree = "<group>"; };
		26560E19864022C2385FF175 /* Timeline/Cards/WeeklyProgressCard.swift */ = {isa = PBXFileReference; lastKnownFileType = sourcecode.swift; path = Timeline/Cards/WeeklyProgressCard.swift; sourceTree = "<group>"; };
		C9D6EC96375798E0EE2004E3 /* Timeline/Cards/InsightCard.swift */ = {isa = PBXFileReference; lastKnownFileType = sourcecode.swift; path = Timeline/Cards/InsightCard.swift; sourceTree = "<group>"; };
		9390E07AB6E659CCC6C48633 /* Timeline/Cards/GoalCard.swift */ = {isa = PBXFileReference; lastKnownFileType = sourcecode.swift; path = Timeline/Cards/GoalCard.swift; sourceTree = "<group>"; };
		CFDEB695A0701EB72D2EAF23 /* Timeline/Cards/BreakthroughCard.swift */ = {isa = PBXFileReference; lastKnownFileType = sourcecode.swift; path = Timeline/Cards/BreakthroughCard.swift; sourceTree = "<group>"; };
		61D71C58DCF4B5CF60EFBBCD /* Timeline/Cards/EmptyStateCard.swift */ = {isa = PBXFileReference; lastKnownFileType = sourcecode.swift; path = Timeline/Cards/EmptyStateCard.swift; sourceTree = "<group>"; };
		5E4C9C604E36169286B81B89 /* Celebration/FireworksOverlay.swift */ = {isa = PBXFileReference; lastKnownFileType = sourcecode.swift; path = Celebration/FireworksOverlay.swift; sourceTree = "<group>"; };
		FB04C013465493F507AC50EF /* Celebration/Haptics.swift */ = {isa = PBXFileReference; lastKnownFileType = sourcecode.swift; path = Celebration/Haptics.swift; sourceTree = "<group>"; };
		921037F51DAD0E57FFF10D2B /* Goals/GoalRealignSheet.swift */ = {isa = PBXFileReference; lastKnownFileType = sourcecode.swift; path = Goals/GoalRealignSheet.swift; sourceTree = "<group>"; };
		B0FA139EEEDC503E8C1A7447 /* Goals/GoalPicker.swift */ = {isa = PBXFileReference; lastKnownFileType = sourcecode.swift; path = Goals/GoalPicker.swift; sourceTree = "<group>"; };
		DE5318C4397F43F0B0E6190E /* TokenStore.swift */ = {isa = PBXFileReference; lastKnownFileType = sourcecode.swift; path = TokenStore.swift; sourceTree = "<group>"; };
		FF3DED158A90443B8134DBE0 /* Goal.swift */ = {isa = PBXFileReference; lastKnownFileType = sourcecode.swift; path = Goal.swift; sourceTree = "<group>"; };
/* End PBXFileReference section */

/* Begin PBXFrameworksBuildPhase section */
		872D15274C357B3260C92966 /* Frameworks */ = {
			isa = PBXFrameworksBuildPhase;
			buildActionMask = 2147483647;
			files = (
			);
			runOnlyForDeploymentPostprocessing = 0;
		};
/* End PBXFrameworksBuildPhase section */

/* Begin PBXGroup section */
		2A8DB4351756D33C9E160CD8 /* Products */ = {
			isa = PBXGroup;
			children = (
				04CA97ABD0DF0C7637613F1C /* mentos.app */,
			);
			name = Products;
			sourceTree = "<group>";
		};
		35FD33EF26331B8C6239A8F3 /* mentos */ = {
			isa = PBXGroup;
			children = (
				22CEAC4E2F3932180089A871 /* mentos.entitlements */,
				4422B2B55FDE245C5DC2DB7A /* App.swift */,
				D43A8BBB968E3C1A4376B208 /* RootView.swift */,
				8A92E6703590122B4FA95551 /* SessionStore.swift */,
				6C9BEC574EAB13C26531BD21 /* DesignSystem/DS.swift */,
				532F4A72C4BC8D7F0D7E81B1 /* DesignSystem/DSTypography.swift */,
				8E0BF4F9959EB47FFD91C2C8 /* DesignSystem/DSSpacing.swift */,
				3E8B34879D0C3F84C7A3BC92 /* DesignSystem/DSComponents/DSCard.swift */,
				B7A723C7AF2E43B478D697C6 /* DesignSystem/DSComponents/DSButton.swift */,
				44065A536B58104118294532 /* DesignSystem/DSComponents/DSChip.swift */,
				6C0C33A63C097F9784384198 /* DesignSystem/DSComponents/DSSectionHeader.swift */,
				D0D02E566300287DD19DC2A0 /* DesignSystem/DSComponents/DSEmptyState.swift */,
				E146C6482957BC6E87BF2E06 /* DesignSystem/DSComponents/DSRow.swift */,
				D64D66157B3900DD3520B843 /* DesignSystem/DSComponents/DSProgressDots.swift */,
				97FB69807C0AACADBCB34B04 /* DesignSystem/DSComponents/DSCalendarWeeks.swift */,
				AC954D45AFB56CE80776A278 /* DesignSystem/DSComponents/DSSkeleton.swift */,
				05FFD9D00EB5BA9B7E4BB774 /* DesignSystem/DSStyles/DSShadow.swift */,
				CDC790302D9B0F55DAFF21CA /* DesignSystem/DSStyles/DSSeparator.swift */,
				CE94511ECCF855508FDA9F47 /* Screens/Auth/SignInView.swift */,
				CB375CB59D5A24F9CBCC063F /* Screens/Onboarding/OnboardingShell.swift */,
				AD1D6E8B9BBC526BB20EA031 /* Screens/Onboarding/WelcomeView.swift */,
				1FD9F70DFA1D1A61641DFC37 /* Screens/Onboarding/ConnectMonzoView.swift */,
				060CFE3CD9FD913F891DE667 /* Screens/Onboarding/GoalSelectionView.swift */,
				BDD7267051D7B497AF3CF2C8 /* Screens/Main/MainTabView.swift */,
				4A19F0E72D1D4EC3E993528A /* Screens/Main/HomeView.swift */,
				156397B65429B0FEA0963635 /* Screens/Insights/InsightsListView.swift */,
				81BD4A83C934140B50DADECD /* Screens/Insights/InsightDetailView.swift */,
				17474F562A2532D19F95213E /* Screens/Goals/GoalsListView.swift */,
				DD7FCF6A85231E4008A3CD2E /* Screens/Goals/GoalDetailView.swift */,
				6714C12DB75CADD4FA6C7CDF /* Screens/Breakthroughs/BreakthroughsListView.swift */,
				20F91A6C9FE6178C37239283 /* Screens/Settings/SettingsView.swift */,
				8364C7505070312ED4B30591 /* DesignSystem/Tokens.swift */,
				38E6F713A1D2169779F09C7C /* DesignSystem/Surface.swift */,
				742C958A4E8D8CF1C8CBD064 /* DesignSystem/RailScreen.swift */,
				6D98037E2190A8CE1D0B30DF /* DesignSystem/Motion.swift */,
				9BC72B0C4036E684FBA9BA18 /* DesignSystem/Typography.swift */,
				6413126D6EC36712BBD40822 /* Timeline/TimelineView.swift */,
				3D22AF70961C309F275F65C5 /* Timeline/TimelineEvent.swift */,
				9E4B3A8F2C1D4B7E8A3C9F21 /* Timeline/TimelineAPIModels.swift */,
				FF0837098FA086EC52F84A27 /* Timeline/TimelineStore.swift */,
				B4D2420F78B2251830A09745 /* Timeline/TimelineCardFactory.swift */,
				718203D267B22ECCF6E1D5E8 /* Timeline/Cards/StatusCard.swift */,
				26560E19864022C2385FF175 /* Timeline/Cards/WeeklyProgressCard.swift */,
				C9D6EC96375798E0EE2004E3 /* Timeline/Cards/InsightCard.swift */,
				9390E07AB6E659CCC6C48633 /* Timeline/Cards/GoalCard.swift */,
				CFDEB695A0701EB72D2EAF23 /* Timeline/Cards/BreakthroughCard.swift */,
				61D71C58DCF4B5CF60EFBBCD /* Timeline/Cards/EmptyStateCard.swift */,
				5E4C9C604E36169286B81B89 /* Celebration/FireworksOverlay.swift */,
				FB04C013465493F507AC50EF /* Celebration/Haptics.swift */,
				921037F51DAD0E57FFF10D2B /* Goals/GoalRealignSheet.swift */,
				B0FA139EEEDC503E8C1A7447 /* Goals/GoalPicker.swift */,
				D907AE352D994169AD68C69A /* Networking */,
				94EF804D39EF47E8B10DCD26 /* Auth */,
				9C3080F9B4EB4BD6B0632316 /* Onboarding */,
				A9960C1A40DA4AAAB4D1D435 /* Main */,
				A11D4515120C4C4D89C57D77 /* Goals */,
				4EDA91F172464777AEEDC266 /* Insights */,
				406F88A591FC45BC9FC80664 /* Settings */,
				4440E16A25894B6B8D51DA4E /* Models */,
				D3F80565C6CAA07479111232 /* Assets.xcassets */,
				8F9EDABC149CC7A468786974 /* Preview Content */,
				4962839057D055453C727185 /* Info.plist */,
			);
			path = mentos;
			sourceTree = "<group>";
		};
		406F88A591FC45BC9FC80664 /* Settings */ = {
			isa = PBXGroup;
			children = (
				5C7C21E325BB4B4293A17B0A /* SettingsView.swift */,
			);
			path = Settings;
			sourceTree = "<group>";
		};
		4440E16A25894B6B8D51DA4E /* Models */ = {
			isa = PBXGroup;
			children = (
				78C9E253CDF9491882853D75 /* User.swift */,
				FF3DED158A90443B8134DBE0 /* Goal.swift */,
				D40009123D4441348E23EF8E /* Insight.swift */,
				2897261C460C46F0B4D882A6 /* Breakthrough.swift */,
				CB2C0A3F761A4998AC6A715D /* MonzoStatus.swift */,
			);
			path = Models;
			sourceTree = "<group>";
		};
		4EDA91F172464777AEEDC266 /* Insights */ = {
			isa = PBXGroup;
			children = (
				96EBACD76E0A421C971C3C66 /* InsightsListView.swift */,
				E6767617D9EB4E97A00478D6 /* InsightDetailView.swift */,
			);
			path = Insights;
			sourceTree = "<group>";
		};
		8F9EDABC149CC7A468786974 /* Preview Content */ = {
			isa = PBXGroup;
			children = (
				A20BE7D8F5C95B15A7E9177D /* Preview Assets.xcassets */,
			);
			path = "Preview Content";
			sourceTree = "<group>";
		};
		94EF804D39EF47E8B10DCD26 /* Auth */ = {
			isa = PBXGroup;
			children = (
				DE5318C4397F43F0B0E6190E /* TokenStore.swift */,
				3184A720F2C545EB9C2E3A4E /* SignInView.swift */,
			);
			path = Auth;
			sourceTree = "<group>";
		};
		9C3080F9B4EB4BD6B0632316 /* Onboarding */ = {
			isa = PBXGroup;
			children = (
				A1DD3538FD3644CBA3AC3B58 /* OnboardingCoordinator.swift */,
				A08675F724E4475E81B0DB08 /* WelcomeView.swift */,
				15B47642447F4BCAA46045FF /* ConnectMonzoView.swift */,
			);
			path = Onboarding;
			sourceTree = "<group>";
		};
		9CCE2E1638057CBF63C6B466 = {
			isa = PBXGroup;
			children = (
				35FD33EF26331B8C6239A8F3 /* mentos */,
				2A8DB4351756D33C9E160CD8 /* Products */,
			);
			sourceTree = "<group>";
		};
		A11D4515120C4C4D89C57D77 /* Goals */ = {
			isa = PBXGroup;
			children = (
				8D8C565ACB42459C9F5373F4 /* GoalSelectionView.swift */,
				88F0F1FCF9D1442DA0EED44B /* GoalsListView.swift */,
			);
			path = Goals;
			sourceTree = "<group>";
		};
		A9960C1A40DA4AAAB4D1D435 /* Main */ = {
			isa = PBXGroup;
			children = (
				39B660BE4C8B4D9184640CB7 /* MainTabView.swift */,
				C8054B7DF0094A92A02191A6 /* HomeView.swift */,
			);
			path = Main;
			sourceTree = "<group>";
		};
		D907AE352D994169AD68C69A /* Networking */ = {
			isa = PBXGroup;
			children = (
				9A1034DBC24D4EB6BF46900A /* APIClient.swift */,
			);
			path = Networking;
			sourceTree = "<group>";
		};
/* End PBXGroup section */

/* Begin PBXNativeTarget section */
		94A877DB03911CA7C9AB1392 /* mentos */ = {
			isa = PBXNativeTarget;
			buildConfigurationList = 6462AAB512BD0A07E6301F8B /* Build configuration list for PBXNativeTarget "mentos" */;
			buildPhases = (
				DAA461972B7481C5E291C66A /* Sources */,
				872D15274C357B3260C92966 /* Frameworks */,
				7D241FCEFB7DC68EA3036CAD /* Resources */,
			);
			buildRules = (
			);
			dependencies = (
			);
			name = mentos;
			productName = mentos;
			productReference = 04CA97ABD0DF0C7637613F1C /* mentos.app */;
			productType = "com.apple.product-type.application";
		};
/* End PBXNativeTarget section */

/* Begin PBXProject section */
		8BAF50E63DE8102915B0A538 /* Project object */ = {
			isa = PBXProject;
			attributes = {
				BuildIndependentTargetsInParallel = 1;
				LastSwiftUpdateCheck = 1500;
				LastUpgradeCheck = 1500;
				TargetAttributes = {
					94A877DB03911CA7C9AB1392 = {
						CreatedOnToolsVersion = 15.0;
					};
				};
			};
			buildConfigurationList = A44725D33B1C9854CDF5FFEE /* Build configuration list for PBXProject "mentos" */;
			compatibilityVersion = "Xcode 15.0";
			developmentRegion = en;
			hasScannedForEncodings = 0;
			knownRegions = (
				en,
				Base,
			);
			mainGroup = 9CCE2E1638057CBF63C6B466;
			productRefGroup = 2A8DB4351756D33C9E160CD8 /* Products */;
			projectDirPath = "";
			projectRoot = "";
			targets = (
				94A877DB03911CA7C9AB1392 /* mentos */,
			);
		};
/* End PBXProject section */

/* Begin PBXResourcesBuildPhase section */
		7D241FCEFB7DC68EA3036CAD /* Resources */ = {
			isa = PBXResourcesBuildPhase;
			buildActionMask = 2147483647;
			files = (
				AFC9AFA12932A45876E96B2B /* Assets.xcassets in Resources */,
				DCC2525CF9D08F00256ABE13 /* Preview Assets.xcassets in Resources */,
			);
			runOnlyForDeploymentPostprocessing = 0;
		};
/* End PBXResourcesBuildPhase section */

/* Begin PBXSourcesBuildPhase section */
		DAA461972B7481C5E291C66A /* Sources */ = {
			isa = PBXSourcesBuildPhase;
			buildActionMask = 2147483647;
			files = (
				040F698C10B68302AF02A561 /* App.swift in Sources */,
				1B8C5E9791786BE1DBF7AB7F /* RootView.swift in Sources */,
				4A0DDE8909A4464FA91E534A /* Insight.swift in Sources */,
				4A399BFA92B54FD7A56AB30A /* Goal.swift in Sources */,
				E40C65AEE5994D46A0ED5589 /* APIClient.swift in Sources */,
				E4163A831D81412EB0B561B4 /* OnboardingCoordinator.swift in Sources */,
				F20FEE4F663F4730B2AB689E /* TokenStore.swift in Sources */,
				F4F703E26BDB4BD390110DD7 /* MonzoStatus.swift in Sources */,
				F6BFD5B7B59C4A1C8771BBD4 /* User.swift in Sources */,
				41B9F9B4D0E24E3896EBFBD3 /* Breakthrough.swift in Sources */,
				F0279779BBF775E46EDBF6A4 /* SessionStore.swift in Sources */,
				EECB6C67CFB512E9E3E19339 /* DS.swift in Sources */,
				91DB58A704E9CBD0E67F8096 /* DSTypography.swift in Sources */,
				D398FEA2BC4596A0C204CBE6 /* DSSpacing.swift in Sources */,
				2BC36D417B361AF091B5BB67 /* DSCard.swift in Sources */,
				BC07FE4B3FD446371A5F5646 /* DSButton.swift in Sources */,
				B1B7435EC05E816C0726BDC7 /* DSChip.swift in Sources */,
				AEE191D95103776930EFDE83 /* DSSectionHeader.swift in Sources */,
				2D9CA254E8DFBBCA9FBB4BB5 /* DSEmptyState.swift in Sources */,
				F7074F797C2DF1EACC4C3B54 /* DSRow.swift in Sources */,
				D27CE449E3FE50F01A2A2FEB /* DSProgressDots.swift in Sources */,
				7ADF2FA33FC5D5C5DCDB83E8 /* DSCalendarWeeks.swift in Sources */,
				2E234D1393F25AA3A2AE7602 /* DSSkeleton.swift in Sources */,
				C00E437D810A32A9EF865259 /* DSShadow.swift in Sources */,
				82134979F20173A2ABD9FD3B /* DSSeparator.swift in Sources */,
				09E8C92C05015896F4150488 /* SignInView.swift in Sources */,
				72F2BEE9FEFC2C88D0E0FEB6 /* OnboardingShell.swift in Sources */,
				2E40DF18A4A7725863E50700 /* WelcomeView.swift in Sources */,
				79D85A52B8350DF4519B45B7 /* ConnectMonzoView.swift in Sources */,
				574FE9750FE60F0854458EEE /* GoalSelectionView.swift in Sources */,
				3B90742BC9B6282F8BE812F7 /* MainTabView.swift in Sources */,
				0586495811561F9BBEF91DE2 /* HomeView.swift in Sources */,
				FD3F8AF4D9AF4FE2D6D44119 /* InsightsListView.swift in Sources */,
				928911E1035354538F9B90BD /* InsightDetailView.swift in Sources */,
				A148731D2999EAC1DF90E89E /* GoalsListView.swift in Sources */,
				B2BED30400F7E4396829A727 /* GoalDetailView.swift in Sources */,
				A3C0CB43B438FF74D0ACE3BB /* BreakthroughsListView.swift in Sources */,
				AA02A05A0E78E0FC13BCAF26 /* SettingsView.swift in Sources */,
				8455933ECD8184F5A4880991 /* Tokens.swift in Sources */,
				F8DDF4E6C8183327D91676BA /* Surface.swift in Sources */,
				BFA456E943CBADA6FC235AC3 /* RailScreen.swift in Sources */,
				10F32913BE2C7321D8A37AE9 /* Motion.swift in Sources */,
				9A2249A5A2877A1470AE2AA1 /* Typography.swift in Sources */,
				64D72F30AB0184D7858C239A /* TimelineView.swift in Sources */,
				E5A7AC9D7F1F2C4F4400E4CD /* TimelineEvent.swift in Sources */,
				7B6F2C9B4D3A4A9E9D7C2B11 /* TimelineAPIModels.swift in Sources */,
				550331D3AD007377A1D9EA51 /* TimelineStore.swift in Sources */,
				CBEDE95AA64B8DF486981187 /* TimelineCardFactory.swift in Sources */,
				75CD7E127774A7AE2757ECCA /* StatusCard.swift in Sources */,
				E4E2A92F0E865108E08B2A65 /* WeeklyProgressCard.swift in Sources */,
				E23BF735517F681E0FE6FE5A /* InsightCard.swift in Sources */,
				58BBC36F57ED35F1B4C64870 /* GoalCard.swift in Sources */,
				B74EC8A4ADA20FCB92839CF8 /* BreakthroughCard.swift in Sources */,
				A02951B4F5E2AB8D9556D00C /* EmptyStateCard.swift in Sources */,
				3CD63481E6EFB27E4F33DC05 /* FireworksOverlay.swift in Sources */,
				134BDD07CE41D2250B1002D7 /* Haptics.swift in Sources */,
				8E651558597ABD35F23B0221 /* GoalRealignSheet.swift in Sources */,
				9ECC42BEADD4F0E8F3CC0ADA /* GoalPicker.swift in Sources */,

			);
			runOnlyForDeploymentPostprocessing = 0;
		};
/* End PBXSourcesBuildPhase section */

/* Begin XCBuildConfiguration section */
		24B436F9F5DA04390B6CF26B /* Release */ = {
			isa = XCBuildConfiguration;
			buildSettings = {
				ALWAYS_SEARCH_USER_PATHS = NO;
				CLANG_ANALYZER_NONNULL = YES;
				CLANG_ANALYZER_NUMBER_OBJECT_CONVERSION = YES_AGGRESSIVE;
				CLANG_CXX_LANGUAGE_STANDARD = "gnu++20";
				CLANG_CXX_LIBRARY = "libc++";
				CLANG_ENABLE_MODULES = YES;
				CLANG_ENABLE_OBJC_ARC = YES;
				CLANG_ENABLE_OBJC_WEAK = YES;
				CLANG_WARN_BLOCK_CAPTURE_AUTORELEASING = YES;
				CLANG_WARN_BOOL_CONVERSION = YES;
				CLANG_WARN_COMMA = YES;
				CLANG_WARN_CONSTANT_CONVERSION = YES;
				CLANG_WARN_DEPRECATED_OBJC_IMPLEMENTATIONS = YES;
				CLANG_WARN_DIRECT_OBJC_ISA_USAGE = YES_ERROR;
				CLANG_WARN_DOCUMENTATION_COMMENTS = YES;
				CLANG_WARN_EMPTY_BODY = YES;
				CLANG_WARN_ENUM_CONVERSION = YES;
				CLANG_WARN_INFINITE_RECURSION = YES;
				CLANG_WARN_INT_CONVERSION = YES;
				CLANG_WARN_NON_LITERAL_NULL_CONVERSION = YES;
				CLANG_WARN_OBJC_IMPLICIT_RETAIN_SELF = YES;
				CLANG_WARN_OBJC_LITERAL_CONVERSION = YES;
				CLANG_WARN_OBJC_ROOT_CLASS = YES_ERROR;
				CLANG_WARN_QUOTED_INCLUDE_IN_FRAMEWORK_HEADER = YES;
				CLANG_WARN_RANGE_LOOP_ANALYSIS = YES;
				CLANG_WARN_STRICT_PROTOTYPES = YES;
				CLANG_WARN_SUSPICIOUS_MOVE = YES;
				CLANG_WARN_UNREACHABLE_CODE = YES;
				CLANG_WARN__DUPLICATE_METHOD_MATCH = YES;
				DEBUG_INFORMATION_FORMAT = "dwarf-with-dsym";
				ENABLE_NS_ASSERTIONS = NO;
				ENABLE_STRICT_OBJC_MSGSEND = YES;
				GCC_C_LANGUAGE_STANDARD = gnu11;
				GCC_NO_COMMON_BLOCKS = YES;
				GCC_WARN_64_TO_32_BIT_CONVERSION = YES;
				GCC_WARN_ABOUT_RETURN_TYPE = YES_ERROR;
				GCC_WARN_UNDECLARED_SELECTOR = YES;
				GCC_WARN_UNINITIALIZED_AUTOS = YES_AGGRESSIVE;
				GCC_WARN_UNUSED_FUNCTION = YES;
				GCC_WARN_UNUSED_VARIABLE = YES;
				IPHONEOS_DEPLOYMENT_TARGET = 16.0;
				MTL_ENABLE_DEBUG_INFO = NO;
				SDKROOT = iphoneos;
				SWIFT_COMPILATION_MODE = wholemodule;
				SWIFT_OPTIMIZATION_LEVEL = "-O";
				VALIDATE_PRODUCT = YES;
			};
			name = Release;
		};
		554C6786FB4288D56AA6441B /* Release */ = {
			isa = XCBuildConfiguration;
			buildSettings = {
				ASSETCATALOG_COMPILER_APPICON_NAME = AppIcon;
				CODE_SIGN_ENTITLEMENTS = mentos/mentos.entitlements;
				CODE_SIGN_STYLE = Automatic;
				CURRENT_PROJECT_VERSION = 1;
				DEVELOPMENT_ASSET_PATHS = "\"mentos/Preview Content\"";
				DEVELOPMENT_TEAM = RK8KUSS6D5;
				INFOPLIST_FILE = mentos/Info.plist;
				IPHONEOS_DEPLOYMENT_TARGET = 17.6;
				MARKETING_VERSION = 1.0;
				PRODUCT_BUNDLE_IDENTIFIER = com.sammoorhouse.mentos.dev;
				PRODUCT_NAME = mentos;
				SWIFT_VERSION = 5.0;
				TARGETED_DEVICE_FAMILY = "1,2";
			};
			name = Release;
		};
		ABD1A0C5F9FCDCA6A7091342 /* Debug */ = {
			isa = XCBuildConfiguration;
			buildSettings = {
				ASSETCATALOG_COMPILER_APPICON_NAME = AppIcon;
				CODE_SIGN_ENTITLEMENTS = mentos/mentos.entitlements;
				CODE_SIGN_STYLE = Automatic;
				CURRENT_PROJECT_VERSION = 1;
				DEVELOPMENT_ASSET_PATHS = "\"mentos/Preview Content\"";
				DEVELOPMENT_TEAM = RK8KUSS6D5;
				INFOPLIST_FILE = mentos/Info.plist;
				IPHONEOS_DEPLOYMENT_TARGET = 17.6;
				MARKETING_VERSION = 1.0;
				PRODUCT_BUNDLE_IDENTIFIER = com.sammoorhouse.mentos.dev;
				PRODUCT_NAME = mentos;
				SWIFT_VERSION = 5.0;
				TARGETED_DEVICE_FAMILY = "1,2";
			};
			name = Debug;
		};
		F0A06CAA74B7FC153179E127 /* Debug */ = {
			isa = XCBuildConfiguration;
			buildSettings = {
				ALWAYS_SEARCH_USER_PATHS = NO;
				CLANG_ANALYZER_NONNULL = YES;
				CLANG_ANALYZER_NUMBER_OBJECT_CONVERSION = YES_AGGRESSIVE;
				CLANG_CXX_LANGUAGE_STANDARD = "gnu++20";
				CLANG_CXX_LIBRARY = "libc++";
				CLANG_ENABLE_MODULES = YES;
				CLANG_ENABLE_OBJC_ARC = YES;
				CLANG_ENABLE_OBJC_WEAK = YES;
				CLANG_WARN_BLOCK_CAPTURE_AUTORELEASING = YES;
				CLANG_WARN_BOOL_CONVERSION = YES;
				CLANG_WARN_COMMA = YES;
				CLANG_WARN_CONSTANT_CONVERSION = YES;
				CLANG_WARN_DEPRECATED_OBJC_IMPLEMENTATIONS = YES;
				CLANG_WARN_DIRECT_OBJC_ISA_USAGE = YES_ERROR;
				CLANG_WARN_DOCUMENTATION_COMMENTS = YES;
				CLANG_WARN_EMPTY_BODY = YES;
				CLANG_WARN_ENUM_CONVERSION = YES;
				CLANG_WARN_INFINITE_RECURSION = YES;
				CLANG_WARN_INT_CONVERSION = YES;
				CLANG_WARN_NON_LITERAL_NULL_CONVERSION = YES;
				CLANG_WARN_OBJC_IMPLICIT_RETAIN_SELF = YES;
				CLANG_WARN_OBJC_LITERAL_CONVERSION = YES;
				CLANG_WARN_OBJC_ROOT_CLASS = YES_ERROR;
				CLANG_WARN_QUOTED_INCLUDE_IN_FRAMEWORK_HEADER = YES;
				CLANG_WARN_RANGE_LOOP_ANALYSIS = YES;
				CLANG_WARN_STRICT_PROTOTYPES = YES;
				CLANG_WARN_SUSPICIOUS_MOVE = YES;
				CLANG_WARN_UNREACHABLE_CODE = YES;
				CLANG_WARN__DUPLICATE_METHOD_MATCH = YES;
				DEBUG_INFORMATION_FORMAT = dwarf;
				ENABLE_STRICT_OBJC_MSGSEND = YES;
				GCC_C_LANGUAGE_STANDARD = gnu11;
				GCC_DYNAMIC_NO_PIC = NO;
				GCC_NO_COMMON_BLOCKS = YES;
				GCC_OPTIMIZATION_LEVEL = 0;
				GCC_PREPROCESSOR_DEFINITIONS = (
					"DEBUG=1",
					"$(inherited)",
				);
				GCC_WARN_64_TO_32_BIT_CONVERSION = YES;
				GCC_WARN_ABOUT_RETURN_TYPE = YES_ERROR;
				GCC_WARN_UNDECLARED_SELECTOR = YES;
				GCC_WARN_UNINITIALIZED_AUTOS = YES_AGGRESSIVE;
				GCC_WARN_UNUSED_FUNCTION = YES;
				GCC_WARN_UNUSED_VARIABLE = YES;
				IPHONEOS_DEPLOYMENT_TARGET = 16.0;
				MTL_ENABLE_DEBUG_INFO = YES;
				ONLY_ACTIVE_ARCH = YES;
				SDKROOT = iphoneos;
				SWIFT_ACTIVE_COMPILATION_CONDITIONS = DEBUG;
				SWIFT_OPTIMIZATION_LEVEL = "-Onone";
			};
			name = Debug;
		};
/* End XCBuildConfiguration section */

/* Begin XCConfigurationList section */
		6462AAB512BD0A07E6301F8B /* Build configuration list for PBXNativeTarget "mentos" */ = {
			isa = XCConfigurationList;
			buildConfigurations = (
				ABD1A0C5F9FCDCA6A7091342 /* Debug */,
				554C6786FB4288D56AA6441B /* Release */,
			);
			defaultConfigurationIsVisible = 0;
			defaultConfigurationName = Debug;
		};
		A44725D33B1C9854CDF5FFEE /* Build configuration list for PBXProject "mentos" */ = {
			isa = XCConfigurationList;
			buildConfigurations = (
				F0A06CAA74B7FC153179E127 /* Debug */,
				24B436F9F5DA04390B6CF26B /* Release */,
			);
			defaultConfigurationIsVisible = 0;
			defaultConfigurationName = Debug;
		};
/* End XCConfigurationList section */
	};
	rootObject = 8BAF50E63DE8102915B0A538 /* Project object */;
}
